
Microsoft Visual Studio Solution File, Format Version 12.00
# Visual Studio Version 17
VisualStudioVersion = 17.14.36623.8
MinimumVisualStudioVersion = 10.0.40219.1
Project("{FAE04EC0-301F-11D3-BF4B-00C04F79EFBC}") = "CloudDemoNet8", "CloudDemoNet8.csproj", "{0AFE6C55-5471-464D-B394-64E0ADC65A76}"
EndProject
Project("{FAE04EC0-301F-11D3-BF4B-00C04F79EFBC}") = "AdminClient", "..\..\Client\AdminClient\AdminClient.csproj", "{1A3F9469-87E3-F4FC-CCE6-2F105514937A}"
EndProject
Global
	GlobalSection(SolutionConfigurationPlatforms) = preSolution
		Debug|Any CPU = Debug|Any CPU
		Release|Any CPU = Release|Any CPU
	EndGlobalSection
	GlobalSection(ProjectConfigurationPlatforms) = postSolution
		{0AFE6C55-5471-464D-B394-64E0ADC65A76}.Debug|Any CPU.ActiveCfg = Debug|Any CPU
		{0AFE6C55-5471-464D-B394-64E0ADC65A76}.Debug|Any CPU.Build.0 = Debug|Any CPU
		{0AFE6C55-5471-464D-B394-64E0ADC65A76}.Release|Any CPU.ActiveCfg = Release|Any CPU
		{0AFE6C55-5471-464D-B394-64E0ADC65A76}.Release|Any CPU.Build.0 = Release|Any CPU
		{1A3F9469-87E3-F4FC-CCE6-2F105514937A}.Debug|Any CPU.ActiveCfg = Debug|Any CPU
		{1A3F9469-87E3-F4FC-CCE6-2F105514937A}.Debug|Any CPU.Build.0 = Debug|Any CPU
		{1A3F9469-87E3-F4FC-CCE6-2F105514937A}.Release|Any CPU.ActiveCfg = Release|Any CPU
		{1A3F9469-87E3-F4FC-CCE6-2F105514937A}.Release|Any CPU.Build.0 = Release|Any CPU
	EndGlobalSection
	GlobalSection(SolutionProperties) = preSolution
		HideSolutionNode = FALSE
	EndGlobalSection
	GlobalSection(ExtensibilityGlobals) = postSolution
		SolutionGuid = {7EECCEE0-3788-49E7-8083-62F0BC64547D}
	EndGlobalSection
EndGlobal
